
Microsoft Visual Studio Solution File, Format Version 12.00
# Visual Studio Version 17
VisualStudioVersion = 17.1.31904.111
MinimumVisualStudioVersion = 10.0.40219.1
Project("{9A19103F-16F7-4668-BE54-9A1E7A4F7556}") = "Benchmark", "Benchmark.csproj", "{F811FC17-C320-4033-B89A-E3308A079340}"
EndProject
Global
	GlobalSection(SolutionConfigurationPlatforms) = preSolution
		Debug|Any CPU = Debug|Any CPU
		Release|Any CPU = Release|Any CPU
	EndGlobalSection
	GlobalSection(ProjectConfigurationPlatforms) = postSolution
		{F811FC17-C320-4033-B89A-E3308A079340}.Debug|Any CPU.ActiveCfg = Debug|Any CPU
		{F811FC17-C320-4033-B89A-E3308A079340}.Debug|Any CPU.Build.0 = Debug|Any CPU
		{F811FC17-C320-4033-B89A-E3308A079340}.Debug|Any CPU.Deploy.0 = Debug|Any CPU
		{F811FC17-C320-4033-B89A-E3308A079340}.Release|Any CPU.ActiveCfg = Release|Any CPU
		{F811FC17-C320-4033-B89A-E3308A079340}.Release|Any CPU.Build.0 = Release|Any CPU
		{F811FC17-C320-4033-B89A-E3308A079340}.Release|Any CPU.Deploy.0 = Release|Any CPU
	EndGlobalSection
	GlobalSection(SolutionProperties) = preSolution
		HideSolutionNode = FALSE
	EndGlobalSection
	GlobalSection(ExtensibilityGlobals) = postSolution
		SolutionGuid = {112673D6-DEE3-4D0A-97E8-2EFD925947AC}
	EndGlobalSection
EndGlobal
